
Microsoft Visual Studio Solution File, Format Version 12.00
# Visual Studio 15
VisualStudioVersion = 15.0.28307.1259
MinimumVisualStudioVersion = 10.0.40219.1
Project("{FAE04EC0-301F-11D3-BF4B-00C04F79EFBC}") = "WindowsFormsApp1", "WindowsFormsApp1\WindowsFormsApp1.csproj", "{00DDAB9D-ACB0-4D40-9E89-599B9B1EC19D}"
EndProject
Global
	GlobalSection(SolutionConfigurationPlatforms) = preSolution
		Debug|Any CPU = Debug|Any CPU
		Release|Any CPU = Release|Any CPU
	EndGlobalSection
	GlobalSection(ProjectConfigurationPlatforms) = postSolution
		{00DDAB9D-ACB0-4D40-9E89-599B9B1EC19D}.Debug|Any CPU.ActiveCfg = Debug|Any CPU
		{00DDAB9D-ACB0-4D40-9E89-599B9B1EC19D}.Debug|Any CPU.Build.0 = Debug|Any CPU
		{00DDAB9D-ACB0-4D40-9E89-599B9B1EC19D}.Release|Any CPU.ActiveCfg = Release|Any CPU
		{00DDAB9D-ACB0-4D40-9E89-599B9B1EC19D}.Release|Any CPU.Build.0 = Release|Any CPU
	EndGlobalSection
	GlobalSection(SolutionProperties) = preSolution
		HideSolutionNode = FALSE
	EndGlobalSection
	GlobalSection(ExtensibilityGlobals) = postSolution
		SolutionGuid = {C2E90FC1-C42C-4384-961B-8B6920083C00}
	EndGlobalSection
EndGlobal
